{
  "name": "gulp-swblog",
  "version": "1.0.2",
  "lockfileVersion": 1,
  "requires": true,
  "dependencies": {
    "ansi-colors": {
      "version": "1.1.0",
      "resolved": "http://r.tnpm.oa.com/ansi-colors/download/ansi-colors-1.1.0.tgz",
      "integrity": "sha1-Y3S03V1HGP884npnGjscrQdxMqk=",
      "requires": {
        "ansi-wrap": "0.1.0"
      }
    },
    "ansi-green": {
      "version": "0.1.1",
      "resolved": "http://r.tnpm.oa.com/ansi-green/download/ansi-green-0.1.1.tgz",
      "integrity": "sha1-il2al55FjVfEDjNYCzc5C44Q0Pc=",
      "requires": {
        "ansi-wrap": "0.1.0"
      }
    },
    "ansi-wrap": {
      "version": "0.1.0",
      "resolved": "http://r.tnpm.oa.com/ansi-wrap/download/ansi-wrap-0.1.0.tgz",
      "integrity": "sha1-qCJQ3bABXponyoLoLqYDu/pF768="
    },
    "arr-diff": {
      "version": "4.0.0",
      "resolved": "http://r.tnpm.oa.com/arr-diff/download/arr-diff-4.0.0.tgz",
      "integrity": "sha1-1kYQdP6/7HHn4VI1dhoyml3HxSA="
    },
    "arr-union": {
      "version": "3.1.0",
      "resolved": "http://r.tnpm.oa.com/arr-union/download/arr-union-3.1.0.tgz",
      "integrity": "sha1-45sJrqne+Gao8gbiiK9jkZuuOcQ="
    },
    "assign-symbols": {
      "version": "1.0.0",
      "resolved": "http://r.tnpm.oa.com/assign-symbols/download/assign-symbols-1.0.0.tgz",
      "integrity": "sha1-WWZ/QfrdTyDMvCu5a41Pf3jsA2c="
    },
    "async-array-reduce": {
      "version": "0.2.1",
      "resolved": "http://r.tnpm.oa.com/async-array-reduce/download/async-array-reduce-0.2.1.tgz",
      "integrity": "sha1-yL4BCitc0A3qlsgRFgNGk9/dgtE="
    },
    "async-each": {
      "version": "1.0.1",
      "resolved": "http://r.tnpm.oa.com/async-each/download/async-each-1.0.1.tgz",
      "integrity": "sha1-GdOGodntxufByF04iu28xW0zYC0="
    },
    "balanced-match": {
      "version": "1.0.0",
      "resolved": "http://r.tnpm.oa.com/balanced-match/download/balanced-match-1.0.0.tgz",
      "integrity": "sha1-ibTRmasr7kneFk6gK4nORi1xt2c="
    },
    "bluebird": {
      "version": "3.5.1",
      "resolved": "http://r.tnpm.oa.com/bluebird/download/bluebird-3.5.1.tgz",
      "integrity": "sha1-2VUfnemPH82h5oPRfukaBgLuLrk="
    },
    "brace-expansion": {
      "version": "1.1.11",
      "resolved": "http://r.tnpm.oa.com/brace-expansion/download/brace-expansion-1.1.11.tgz",
      "integrity": "sha1-PH/L9SnYcibz0vUrlm/1Jx60Qd0=",
      "requires": {
        "balanced-match": "1.0.0",
        "concat-map": "0.0.1"
      }
    },
    "clone": {
      "version": "1.0.4",
      "resolved": "http://r.tnpm.oa.com/clone/download/clone-1.0.4.tgz",
      "integrity": "sha1-2jCcwmPfFZlMaIypAheco8fNfH4="
    },
    "clone-buffer": {
      "version": "1.0.0",
      "resolved": "http://r.tnpm.oa.com/clone-buffer/download/clone-buffer-1.0.0.tgz",
      "integrity": "sha1-4+JbIHrE5wGvch4staFnksrD3Fg="
    },
    "clone-stats": {
      "version": "0.0.1",
      "resolved": "http://r.tnpm.oa.com/clone-stats/download/clone-stats-0.0.1.tgz",
      "integrity": "sha1-uI+UqCzzi4eR1YBG6kAprYjKmdE="
    },
    "cloneable-readable": {
      "version": "1.1.2",
      "resolved": "http://r.tnpm.oa.com/cloneable-readable/download/cloneable-readable-1.1.2.tgz",
      "integrity": "sha1-1ZHe5Kj4vBXaQ86X3O66E9Q+KmU=",
      "requires": {
        "inherits": "2.0.3",
        "process-nextick-args": "2.0.0",
        "readable-stream": "2.3.6"
      },
      "dependencies": {
        "isarray": {
          "version": "1.0.0",
          "resolved": "http://r.tnpm.oa.com/isarray/download/isarray-1.0.0.tgz",
          "integrity": "sha1-u5NdSFgsuhaMBoNJV6VKPgcSTxE="
        },
        "readable-stream": {
          "version": "2.3.6",
          "resolved": "http://r.tnpm.oa.com/readable-stream/download/readable-stream-2.3.6.tgz",
          "integrity": "sha1-sRwn2IuP8fvgcGQ8+UsMea4bCq8=",
          "requires": {
            "core-util-is": "1.0.2",
            "inherits": "2.0.3",
            "isarray": "1.0.0",
            "process-nextick-args": "2.0.0",
            "safe-buffer": "5.1.2",
            "string_decoder": "1.1.1",
            "util-deprecate": "1.0.2"
          }
        },
        "string_decoder": {
          "version": "1.1.1",
          "resolved": "http://r.tnpm.oa.com/string_decoder/download/string_decoder-1.1.1.tgz",
          "integrity": "sha1-nPFhG6YmhdcDCunkujQUnDrwP8g=",
          "requires": {
            "safe-buffer": "5.1.2"
          }
        }
      }
    },
    "concat-map": {
      "version": "0.0.1",
      "resolved": "http://r.tnpm.oa.com/concat-map/download/concat-map-0.0.1.tgz",
      "integrity": "sha1-2Klr13/Wjfd5OnMDajug1UBdR3s="
    },
    "copy": {
      "version": "0.3.2",
      "resolved": "http://r.tnpm.oa.com/copy/download/copy-0.3.2.tgz",
      "integrity": "sha1-hwuHHQKlmbPG7ye8Wz1MQQImGQk=",
      "requires": {
        "async-each": "1.0.1",
        "bluebird": "3.5.1",
        "extend-shallow": "2.0.1",
        "file-contents": "0.3.2",
        "glob-parent": "2.0.0",
        "graceful-fs": "4.1.11",
        "has-glob": "0.1.1",
        "is-absolute": "0.2.6",
        "lazy-cache": "2.0.2",
        "log-ok": "0.1.1",
        "matched": "0.4.4",
        "mkdirp": "0.5.1",
        "resolve-dir": "0.1.1",
        "to-file": "0.2.0"
      },
      "dependencies": {
        "expand-tilde": {
          "version": "1.2.2",
          "resolved": "http://r.tnpm.oa.com/expand-tilde/download/expand-tilde-1.2.2.tgz",
          "integrity": "sha1-C4HrqJflo9MdHD0QL48BRB5VlEk=",
          "requires": {
            "os-homedir": "1.0.2"
          }
        },
        "extend-shallow": {
          "version": "2.0.1",
          "resolved": "http://r.tnpm.oa.com/extend-shallow/download/extend-shallow-2.0.1.tgz",
          "integrity": "sha1-Ua99YUrZqfYQ6huvu5idaxxWiQ8=",
          "requires": {
            "is-extendable": "0.1.1"
          }
        },
        "global-modules": {
          "version": "0.2.3",
          "resolved": "http://r.tnpm.oa.com/global-modules/download/global-modules-0.2.3.tgz",
          "integrity": "sha1-6lo77ULG1s6ZWk+KEmm12uIjgo0=",
          "requires": {
            "global-prefix": "0.1.5",
            "is-windows": "0.2.0"
          }
        },
        "global-prefix": {
          "version": "0.1.5",
          "resolved": "http://r.tnpm.oa.com/global-prefix/download/global-prefix-0.1.5.tgz",
          "integrity": "sha1-jTvGuNo8qBEqFg2NSW/wRiv+948=",
          "requires": {
            "homedir-polyfill": "1.0.1",
            "ini": "1.3.5",
            "is-windows": "0.2.0",
            "which": "1.3.1"
          }
        },
        "graceful-fs": {
          "version": "4.1.11",
          "resolved": "http://r.tnpm.oa.com/graceful-fs/download/graceful-fs-4.1.11.tgz",
          "integrity": "sha1-Dovf5NHduIVNZOBOp8AOKgJuVlg="
        },
        "is-absolute": {
          "version": "0.2.6",
          "resolved": "http://r.tnpm.oa.com/is-absolute/download/is-absolute-0.2.6.tgz",
          "integrity": "sha1-IN5p89uULvLYe5wto28XIjWxtes=",
          "requires": {
            "is-relative": "0.2.1",
            "is-windows": "0.2.0"
          }
        },
        "is-relative": {
          "version": "0.2.1",
          "resolved": "http://r.tnpm.oa.com/is-relative/download/is-relative-0.2.1.tgz",
          "integrity": "sha1-0n9MfVFtF1+2ENuEu+7yPDvJeqU=",
          "requires": {
            "is-unc-path": "0.1.2"
          }
        },
        "is-unc-path": {
          "version": "0.1.2",
          "resolved": "http://r.tnpm.oa.com/is-unc-path/download/is-unc-path-0.1.2.tgz",
          "integrity": "sha1-arBTpyVzwQJQ/0FqOBTDUXivObk=",
          "requires": {
            "unc-path-regex": "0.1.2"
          }
        },
        "is-windows": {
          "version": "0.2.0",
          "resolved": "http://r.tnpm.oa.com/is-windows/download/is-windows-0.2.0.tgz",
          "integrity": "sha1-3hqm1j6indJIc3tp8f+LgALSEIw="
        },
        "resolve-dir": {
          "version": "0.1.1",
          "resolved": "http://r.tnpm.oa.com/resolve-dir/download/resolve-dir-0.1.1.tgz",
          "integrity": "sha1-shklmlYC+sXFxJatiUpujMQwJh4=",
          "requires": {
            "expand-tilde": "1.2.2",
            "global-modules": "0.2.3"
          }
        }
      }
    },
    "core-util-is": {
      "version": "1.0.2",
      "resolved": "http://r.tnpm.oa.com/core-util-is/download/core-util-is-1.0.2.tgz",
      "integrity": "sha1-tf1UIgqivFq1eqtxQMlAdUUDwac="
    },
    "extend-shallow": {
      "version": "3.0.2",
      "resolved": "http://r.tnpm.oa.com/extend-shallow/download/extend-shallow-3.0.2.tgz",
      "integrity": "sha1-Jqcarwc7OfshJxcnRhMcJwQCjbg=",
      "requires": {
        "assign-symbols": "1.0.0",
        "is-extendable": "1.0.1"
      },
      "dependencies": {
        "is-extendable": {
          "version": "1.0.1",
          "resolved": "http://r.tnpm.oa.com/is-extendable/download/is-extendable-1.0.1.tgz",
          "integrity": "sha1-p0cPnkJnM9gb2B4RVSZOOjUHyrQ=",
          "requires": {
            "is-plain-object": "2.0.4"
          }
        }
      }
    },
    "file-contents": {
      "version": "0.3.2",
      "resolved": "http://r.tnpm.oa.com/file-contents/download/file-contents-0.3.2.tgz",
      "integrity": "sha1-oJOf7RuM2hWAJm/Gt1OiMvtG3lM=",
      "requires": {
        "define-property": "0.2.5",
        "extend-shallow": "2.0.1",
        "file-stat": "0.2.3",
        "fs-exists-sync": "0.1.0",
        "graceful-fs": "4.1.11",
        "is-buffer": "1.1.6",
        "isobject": "2.1.0",
        "lazy-cache": "2.0.2",
        "strip-bom-buffer": "0.1.1",
        "strip-bom-string": "0.1.2",
        "through2": "2.0.3",
        "vinyl": "1.2.0"
      },
      "dependencies": {
        "define-property": {
          "version": "0.2.5",
          "resolved": "http://r.tnpm.oa.com/define-property/download/define-property-0.2.5.tgz",
          "integrity": "sha1-w1se+RjsPJkPmlvFe+BKrOxcgRY=",
          "requires": {
            "is-descriptor": "0.1.6"
          }
        },
        "extend-shallow": {
          "version": "2.0.1",
          "resolved": "http://r.tnpm.oa.com/extend-shallow/download/extend-shallow-2.0.1.tgz",
          "integrity": "sha1-Ua99YUrZqfYQ6huvu5idaxxWiQ8=",
          "requires": {
            "is-extendable": "0.1.1"
          }
        },
        "graceful-fs": {
          "version": "4.1.11",
          "resolved": "http://r.tnpm.oa.com/graceful-fs/download/graceful-fs-4.1.11.tgz",
          "integrity": "sha1-Dovf5NHduIVNZOBOp8AOKgJuVlg="
        },
        "isarray": {
          "version": "1.0.0",
          "resolved": "http://r.tnpm.oa.com/isarray/download/isarray-1.0.0.tgz",
          "integrity": "sha1-u5NdSFgsuhaMBoNJV6VKPgcSTxE="
        },
        "isobject": {
          "version": "2.1.0",
          "resolved": "http://r.tnpm.oa.com/isobject/download/isobject-2.1.0.tgz",
          "integrity": "sha1-8GVWEJaj8dou9GJy+BXIQNh+DIk=",
          "requires": {
            "isarray": "1.0.0"
          }
        },
        "vinyl": {
          "version": "1.2.0",
          "resolved": "http://r.tnpm.oa.com/vinyl/download/vinyl-1.2.0.tgz",
          "integrity": "sha1-XIgDbPVl5d8FVYv8kR+GVt8hiIQ=",
          "requires": {
            "clone": "1.0.4",
            "clone-stats": "0.0.1",
            "replace-ext": "0.0.1"
          }
        }
      }
    },
    "file-stat": {
      "version": "0.2.3",
      "resolved": "http://r.tnpm.oa.com/file-stat/download/file-stat-0.2.3.tgz",
      "integrity": "sha1-Rpp+kn1pMAeWJM2zgQlAVFbLBqk=",
      "requires": {
        "fs-exists-sync": "0.1.0",
        "graceful-fs": "4.1.11",
        "lazy-cache": "2.0.2",
        "through2": "2.0.3"
      },
      "dependencies": {
        "graceful-fs": {
          "version": "4.1.11",
          "resolved": "http://r.tnpm.oa.com/graceful-fs/download/graceful-fs-4.1.11.tgz",
          "integrity": "sha1-Dovf5NHduIVNZOBOp8AOKgJuVlg="
        }
      }
    },
    "fs-exists-sync": {
      "version": "0.1.0",
      "resolved": "http://r.tnpm.oa.com/fs-exists-sync/download/fs-exists-sync-0.1.0.tgz",
      "integrity": "sha1-mC1ok6+RjnLQjeyehnP/K1qNat0="
    },
    "fs.realpath": {
      "version": "1.0.0",
      "resolved": "http://r.tnpm.oa.com/fs.realpath/download/fs.realpath-1.0.0.tgz",
      "integrity": "sha1-FQStJSMVjKpA20onh8sBQRmU6k8="
    },
    "glob-parent": {
      "version": "2.0.0",
      "resolved": "http://r.tnpm.oa.com/glob-parent/download/glob-parent-2.0.0.tgz",
      "integrity": "sha1-gTg9ctsFT8zPUzbaqQLxgvbtuyg=",
      "requires": {
        "is-glob": "2.0.1"
      },
      "dependencies": {
        "is-extglob": {
          "version": "1.0.0",
          "resolved": "http://r.tnpm.oa.com/is-extglob/download/is-extglob-1.0.0.tgz",
          "integrity": "sha1-rEaBd8SUNAWgkvyPKXYMb/xiBsA="
        },
        "is-glob": {
          "version": "2.0.1",
          "resolved": "http://r.tnpm.oa.com/is-glob/download/is-glob-2.0.1.tgz",
          "integrity": "sha1-0Jb5JqPe1WAPP9/ZEZjLCIjC2GM=",
          "requires": {
            "is-extglob": "1.0.0"
          }
        }
      }
    },
    "gulp-markdown-index": {
      "version": "1.1.1",
      "resolved": "http://r.tnpm.oa.com/gulp-markdown-index/download/gulp-markdown-index-1.1.1.tgz",
      "integrity": "sha1-KouVL3+Udzym0UhYMAhUHETwLwU=",
      "requires": {
        "plugin-error": "1.0.1",
        "through2": "2.0.3",
        "vinyl": "2.1.0"
      }
    },
    "has-glob": {
      "version": "0.1.1",
      "resolved": "http://r.tnpm.oa.com/has-glob/download/has-glob-0.1.1.tgz",
      "integrity": "sha1-omHEwqbGZ+DHe3AKfyl8Oe86pYk=",
      "requires": {
        "is-glob": "2.0.1"
      },
      "dependencies": {
        "is-extglob": {
          "version": "1.0.0",
          "resolved": "http://r.tnpm.oa.com/is-extglob/download/is-extglob-1.0.0.tgz",
          "integrity": "sha1-rEaBd8SUNAWgkvyPKXYMb/xiBsA="
        },
        "is-glob": {
          "version": "2.0.1",
          "resolved": "http://r.tnpm.oa.com/is-glob/download/is-glob-2.0.1.tgz",
          "integrity": "sha1-0Jb5JqPe1WAPP9/ZEZjLCIjC2GM=",
          "requires": {
            "is-extglob": "1.0.0"
          }
        }
      }
    },
    "homedir-polyfill": {
      "version": "1.0.1",
      "resolved": "http://r.tnpm.oa.com/homedir-polyfill/download/homedir-polyfill-1.0.1.tgz",
      "integrity": "sha1-TCu8inWJmP7r9e1oWA921GdotLw=",
      "requires": {
        "parse-passwd": "1.0.0"
      }
    },
    "inflight": {
      "version": "1.0.6",
      "resolved": "http://r.tnpm.oa.com/inflight/download/inflight-1.0.6.tgz",
      "integrity": "sha1-Sb1jMdfQLQwJvJEKEHW6gWW1bfk=",
      "requires": {
        "once": "1.3.3",
        "wrappy": "1.0.2"
      }
    },
    "inherits": {
      "version": "2.0.3",
      "resolved": "http://r.tnpm.oa.com/inherits/download/inherits-2.0.3.tgz",
      "integrity": "sha1-Yzwsg+PaQqUC9SRmAiSA9CCCYd4="
    },
    "ini": {
      "version": "1.3.5",
      "resolved": "http://r.tnpm.oa.com/ini/download/ini-1.3.5.tgz",
      "integrity": "sha1-7uJfVtscnsYIXgwid4CD9Zar+Sc="
    },
    "is-accessor-descriptor": {
      "version": "0.1.6",
      "resolved": "http://r.tnpm.oa.com/is-accessor-descriptor/download/is-accessor-descriptor-0.1.6.tgz",
      "integrity": "sha1-qeEss66Nh2cn7u84Q/igiXtcmNY=",
      "requires": {
        "kind-of": "3.2.2"
      },
      "dependencies": {
        "kind-of": {
          "version": "3.2.2",
          "resolved": "http://r.tnpm.oa.com/kind-of/download/kind-of-3.2.2.tgz",
          "integrity": "sha1-MeohpzS6ubuw8yRm2JOupR5KPGQ=",
          "requires": {
            "is-buffer": "1.1.6"
          }
        }
      }
    },
    "is-buffer": {
      "version": "1.1.6",
      "resolved": "http://r.tnpm.oa.com/is-buffer/download/is-buffer-1.1.6.tgz",
      "integrity": "sha1-76ouqdqg16suoTqXsritUf776L4="
    },
    "is-data-descriptor": {
      "version": "0.1.4",
      "resolved": "http://r.tnpm.oa.com/is-data-descriptor/download/is-data-descriptor-0.1.4.tgz",
      "integrity": "sha1-C17mSDiOLIYCgueT8YVv7D8wG1Y=",
      "requires": {
        "kind-of": "3.2.2"
      },
      "dependencies": {
        "kind-of": {
          "version": "3.2.2",
          "resolved": "http://r.tnpm.oa.com/kind-of/download/kind-of-3.2.2.tgz",
          "integrity": "sha1-MeohpzS6ubuw8yRm2JOupR5KPGQ=",
          "requires": {
            "is-buffer": "1.1.6"
          }
        }
      }
    },
    "is-descriptor": {
      "version": "0.1.6",
      "resolved": "http://r.tnpm.oa.com/is-descriptor/download/is-descriptor-0.1.6.tgz",
      "integrity": "sha1-Nm2CQN3kh8pRgjsaufB6EKeCUco=",
      "requires": {
        "is-accessor-descriptor": "0.1.6",
        "is-data-descriptor": "0.1.4",
        "kind-of": "5.1.0"
      },
      "dependencies": {
        "kind-of": {
          "version": "5.1.0",
          "resolved": "http://r.tnpm.oa.com/kind-of/download/kind-of-5.1.0.tgz",
          "integrity": "sha1-cpyR4thXt6QZofmqZWhcTDP1hF0="
        }
      }
    },
    "is-extendable": {
      "version": "0.1.1",
      "resolved": "http://r.tnpm.oa.com/is-extendable/download/is-extendable-0.1.1.tgz",
      "integrity": "sha1-YrEQ4omkcUGOPsNqYX1HLjAd/Ik="
    },
    "is-plain-object": {
      "version": "2.0.4",
      "resolved": "http://r.tnpm.oa.com/is-plain-object/download/is-plain-object-2.0.4.tgz",
      "integrity": "sha1-LBY7P6+xtgbZ0Xko8FwqHDjgdnc=",
      "requires": {
        "isobject": "3.0.1"
      }
    },
    "is-utf8": {
      "version": "0.2.1",
      "resolved": "http://r.tnpm.oa.com/is-utf8/download/is-utf8-0.2.1.tgz",
      "integrity": "sha1-Sw2hRCEE0bM2NA6AeX6GXPOffXI="
    },
    "is-valid-glob": {
      "version": "0.3.0",
      "resolved": "http://r.tnpm.oa.com/is-valid-glob/download/is-valid-glob-0.3.0.tgz",
      "integrity": "sha1-1LVcafUYhvm2XHDWwmItN+KfSP4="
    },
    "isexe": {
      "version": "2.0.0",
      "resolved": "http://r.tnpm.oa.com/isexe/download/isexe-2.0.0.tgz",
      "integrity": "sha1-6PvzdNxVb/iUehDcsFctYz8s+hA="
    },
    "isobject": {
      "version": "3.0.1",
      "resolved": "http://r.tnpm.oa.com/isobject/download/isobject-3.0.1.tgz",
      "integrity": "sha1-TkMekrEalzFjaqH5yNHMvP2reN8="
    },
    "lazy-cache": {
      "version": "2.0.2",
      "resolved": "http://r.tnpm.oa.com/lazy-cache/download/lazy-cache-2.0.2.tgz",
      "integrity": "sha1-uRkKT5EzVGlIQIWfio9whNiCImQ=",
      "requires": {
        "set-getter": "0.1.0"
      }
    },
    "log-ok": {
      "version": "0.1.1",
      "resolved": "http://r.tnpm.oa.com/log-ok/download/log-ok-0.1.1.tgz",
      "integrity": "sha1-vqPdNqzQuKckDXhza1uXxlREozQ=",
      "requires": {
        "ansi-green": "0.1.1",
        "success-symbol": "0.1.0"
      }
    },
    "matched": {
      "version": "0.4.4",
      "resolved": "http://r.tnpm.oa.com/matched/download/matched-0.4.4.tgz",
      "integrity": "sha1-Vte36xgDPwz5vFLrIJD6x9weifo=",
      "requires": {
        "arr-union": "3.1.0",
        "async-array-reduce": "0.2.1",
        "extend-shallow": "2.0.1",
        "fs-exists-sync": "0.1.0",
        "glob": "7.1.2",
        "has-glob": "0.1.1",
        "is-valid-glob": "0.3.0",
        "lazy-cache": "2.0.2",
        "resolve-dir": "0.1.1"
      },
      "dependencies": {
        "expand-tilde": {
          "version": "1.2.2",
          "resolved": "http://r.tnpm.oa.com/expand-tilde/download/expand-tilde-1.2.2.tgz",
          "integrity": "sha1-C4HrqJflo9MdHD0QL48BRB5VlEk=",
          "requires": {
            "os-homedir": "1.0.2"
          }
        },
        "extend-shallow": {
          "version": "2.0.1",
          "resolved": "http://r.tnpm.oa.com/extend-shallow/download/extend-shallow-2.0.1.tgz",
          "integrity": "sha1-Ua99YUrZqfYQ6huvu5idaxxWiQ8=",
          "requires": {
            "is-extendable": "0.1.1"
          }
        },
        "glob": {
          "version": "7.1.2",
          "resolved": "http://r.tnpm.oa.com/glob/download/glob-7.1.2.tgz",
          "integrity": "sha1-wZyd+aAocC1nhhI4SmVSQExjbRU=",
          "requires": {
            "fs.realpath": "1.0.0",
            "inflight": "1.0.6",
            "inherits": "2.0.3",
            "minimatch": "3.0.4",
            "once": "1.3.3",
            "path-is-absolute": "1.0.1"
          }
        },
        "global-modules": {
          "version": "0.2.3",
          "resolved": "http://r.tnpm.oa.com/global-modules/download/global-modules-0.2.3.tgz",
          "integrity": "sha1-6lo77ULG1s6ZWk+KEmm12uIjgo0=",
          "requires": {
            "global-prefix": "0.1.5",
            "is-windows": "0.2.0"
          }
        },
        "global-prefix": {
          "version": "0.1.5",
          "resolved": "http://r.tnpm.oa.com/global-prefix/download/global-prefix-0.1.5.tgz",
          "integrity": "sha1-jTvGuNo8qBEqFg2NSW/wRiv+948=",
          "requires": {
            "homedir-polyfill": "1.0.1",
            "ini": "1.3.5",
            "is-windows": "0.2.0",
            "which": "1.3.1"
          }
        },
        "is-windows": {
          "version": "0.2.0",
          "resolved": "http://r.tnpm.oa.com/is-windows/download/is-windows-0.2.0.tgz",
          "integrity": "sha1-3hqm1j6indJIc3tp8f+LgALSEIw="
        },
        "minimatch": {
          "version": "3.0.4",
          "resolved": "http://r.tnpm.oa.com/minimatch/download/minimatch-3.0.4.tgz",
          "integrity": "sha1-UWbihkV/AzBgZL5Ul+jbsMPTIIM=",
          "requires": {
            "brace-expansion": "1.1.11"
          }
        },
        "resolve-dir": {
          "version": "0.1.1",
          "resolved": "http://r.tnpm.oa.com/resolve-dir/download/resolve-dir-0.1.1.tgz",
          "integrity": "sha1-shklmlYC+sXFxJatiUpujMQwJh4=",
          "requires": {
            "expand-tilde": "1.2.2",
            "global-modules": "0.2.3"
          }
        }
      }
    },
    "mkdirp": {
      "version": "0.5.1",
      "resolved": "http://r.tnpm.oa.com/mkdirp/download/mkdirp-0.5.1.tgz",
      "integrity": "sha1-MAV0OOrGz3+MR2fzhkjWaX11yQM=",
      "requires": {
        "minimist": "0.0.8"
      },
      "dependencies": {
        "minimist": {
          "version": "0.0.8",
          "resolved": "http://r.tnpm.oa.com/minimist/download/minimist-0.0.8.tgz",
          "integrity": "sha1-hX/Kv8M5fSYluCKCYuhqp6ARsF0="
        }
      }
    },
    "ms": {
      "version": "2.0.0",
      "resolved": "http://r.tnpm.oa.com/ms/download/ms-2.0.0.tgz",
      "integrity": "sha1-VgiurfwAvmwpAd9fmGF4jeDVl8g=",
      "dev": true
    },
    "once": {
      "version": "1.3.3",
      "resolved": "http://r.tnpm.oa.com/once/download/once-1.3.3.tgz",
      "integrity": "sha1-suJhVXzkwxTsgwTz+oJmPkKXyiA=",
      "requires": {
        "wrappy": "1.0.2"
      }
    },
    "os-homedir": {
      "version": "1.0.2",
      "resolved": "http://r.tnpm.oa.com/os-homedir/download/os-homedir-1.0.2.tgz",
      "integrity": "sha1-/7xJiDNuDoM94MFox+8VISGqf7M="
    },
    "parse-passwd": {
      "version": "1.0.0",
      "resolved": "http://r.tnpm.oa.com/parse-passwd/download/parse-passwd-1.0.0.tgz",
      "integrity": "sha1-bVuTSkVpk7I9N/QKOC1vFmao5cY="
    },
    "path-is-absolute": {
      "version": "1.0.1",
      "resolved": "http://r.tnpm.oa.com/path-is-absolute/download/path-is-absolute-1.0.1.tgz",
      "integrity": "sha1-F0uSaHNVNP+8es5r9TpanhtcX18="
    },
    "plugin-error": {
      "version": "1.0.1",
      "resolved": "http://r.tnpm.oa.com/plugin-error/download/plugin-error-1.0.1.tgz",
      "integrity": "sha1-dwFr2JGdCsN3/c3QMiMolTyleBw=",
      "requires": {
        "ansi-colors": "1.1.0",
        "arr-diff": "4.0.0",
        "arr-union": "3.1.0",
        "extend-shallow": "3.0.2"
      }
    },
    "process-nextick-args": {
      "version": "2.0.0",
      "resolved": "http://r.tnpm.oa.com/process-nextick-args/download/process-nextick-args-2.0.0.tgz",
      "integrity": "sha1-o31zL0JxtKsa0HDTVQjoKQeI/6o="
    },
    "remove-trailing-separator": {
      "version": "1.1.0",
      "resolved": "http://r.tnpm.oa.com/remove-trailing-separator/download/remove-trailing-separator-1.1.0.tgz",
      "integrity": "sha1-wkvOKig62tW8P1jg1IJJuSN52O8="
    },
    "replace-ext": {
      "version": "0.0.1",
      "resolved": "http://r.tnpm.oa.com/replace-ext/download/replace-ext-0.0.1.tgz",
      "integrity": "sha1-KbvZIHinOfC8zitO5B6DeVNSKSQ="
    },
    "safe-buffer": {
      "version": "5.1.2",
      "resolved": "http://r.tnpm.oa.com/safe-buffer/download/safe-buffer-5.1.2.tgz",
      "integrity": "sha1-mR7GnSluAxN0fVm9/St0XDX4go0="
    },
    "set-getter": {
      "version": "0.1.0",
      "resolved": "http://r.tnpm.oa.com/set-getter/download/set-getter-0.1.0.tgz",
      "integrity": "sha1-12nBgsnVpR9AkUXy+6guXoboA3Y=",
      "requires": {
        "to-object-path": "0.3.0"
      }
    },
    "simple-git": {
      "version": "1.95.1",
      "resolved": "http://r.tnpm.oa.com/simple-git/download/simple-git-1.95.1.tgz",
      "integrity": "sha1-jyO5mPDZ6HexLgKRIAzhFeAEh4w=",
      "dev": true,
      "requires": {
        "debug": "3.1.0"
      },
      "dependencies": {
        "debug": {
          "version": "3.1.0",
          "resolved": "http://r.tnpm.oa.com/debug/download/debug-3.1.0.tgz",
          "integrity": "sha1-W7WgZyYotkFJVmuhaBnmFRjGcmE=",
          "dev": true,
          "requires": {
            "ms": "2.0.0"
          }
        }
      }
    },
    "strip-bom-buffer": {
      "version": "0.1.1",
      "resolved": "http://r.tnpm.oa.com/strip-bom-buffer/download/strip-bom-buffer-0.1.1.tgz",
      "integrity": "sha1-yj3cSRnBP5/d8wsd/xAKmDUki00=",
      "requires": {
        "is-buffer": "1.1.6",
        "is-utf8": "0.2.1"
      }
    },
    "strip-bom-string": {
      "version": "0.1.2",
      "resolved": "http://r.tnpm.oa.com/strip-bom-string/download/strip-bom-string-0.1.2.tgz",
      "integrity": "sha1-nG5yCjE7qYNliVGEBcz7iKX0G5w="
    },
    "success-symbol": {
      "version": "0.1.0",
      "resolved": "http://r.tnpm.oa.com/success-symbol/download/success-symbol-0.1.0.tgz",
      "integrity": "sha1-JAIuSG878c3KCUKDt2nEctO3KJc="
    },
    "through2": {
      "version": "2.0.3",
      "resolved": "http://r.tnpm.oa.com/through2/download/through2-2.0.3.tgz",
      "integrity": "sha1-AARWmzfHx0ujnEPzzteNGtlBQL4=",
      "requires": {
        "readable-stream": "2.3.6",
        "xtend": "4.0.1"
      },
      "dependencies": {
        "isarray": {
          "version": "1.0.0",
          "resolved": "http://r.tnpm.oa.com/isarray/download/isarray-1.0.0.tgz",
          "integrity": "sha1-u5NdSFgsuhaMBoNJV6VKPgcSTxE="
        },
        "readable-stream": {
          "version": "2.3.6",
          "resolved": "http://r.tnpm.oa.com/readable-stream/download/readable-stream-2.3.6.tgz",
          "integrity": "sha1-sRwn2IuP8fvgcGQ8+UsMea4bCq8=",
          "requires": {
            "core-util-is": "1.0.2",
            "inherits": "2.0.3",
            "isarray": "1.0.0",
            "process-nextick-args": "2.0.0",
            "safe-buffer": "5.1.2",
            "string_decoder": "1.1.1",
            "util-deprecate": "1.0.2"
          }
        },
        "string_decoder": {
          "version": "1.1.1",
          "resolved": "http://r.tnpm.oa.com/string_decoder/download/string_decoder-1.1.1.tgz",
          "integrity": "sha1-nPFhG6YmhdcDCunkujQUnDrwP8g=",
          "requires": {
            "safe-buffer": "5.1.2"
          }
        }
      }
    },
    "to-file": {
      "version": "0.2.0",
      "resolved": "http://r.tnpm.oa.com/to-file/download/to-file-0.2.0.tgz",
      "integrity": "sha1-I2xsCIBl5XDe+9Fc9LTlZb5G6pM=",
      "requires": {
        "define-property": "0.2.5",
        "extend-shallow": "2.0.1",
        "file-contents": "0.2.4",
        "glob-parent": "2.0.0",
        "is-valid-glob": "0.3.0",
        "isobject": "2.1.0",
        "lazy-cache": "2.0.2",
        "vinyl": "1.2.0"
      },
      "dependencies": {
        "define-property": {
          "version": "0.2.5",
          "resolved": "http://r.tnpm.oa.com/define-property/download/define-property-0.2.5.tgz",
          "integrity": "sha1-w1se+RjsPJkPmlvFe+BKrOxcgRY=",
          "requires": {
            "is-descriptor": "0.1.6"
          }
        },
        "extend-shallow": {
          "version": "2.0.1",
          "resolved": "http://r.tnpm.oa.com/extend-shallow/download/extend-shallow-2.0.1.tgz",
          "integrity": "sha1-Ua99YUrZqfYQ6huvu5idaxxWiQ8=",
          "requires": {
            "is-extendable": "0.1.1"
          }
        },
        "file-contents": {
          "version": "0.2.4",
          "resolved": "http://r.tnpm.oa.com/file-contents/download/file-contents-0.2.4.tgz",
          "integrity": "sha1-BQb3uO/2KvpFrkXaTfnp1H30U8s=",
          "requires": {
            "extend-shallow": "2.0.1",
            "file-stat": "0.1.3",
            "graceful-fs": "4.1.11",
            "is-buffer": "1.1.6",
            "is-utf8": "0.2.1",
            "lazy-cache": "0.2.7",
            "through2": "2.0.3"
          },
          "dependencies": {
            "lazy-cache": {
              "version": "0.2.7",
              "resolved": "http://r.tnpm.oa.com/lazy-cache/download/lazy-cache-0.2.7.tgz",
              "integrity": "sha1-f+3fLctu23fRHvHRF6tf/fCrG2U="
            }
          }
        },
        "file-stat": {
          "version": "0.1.3",
          "resolved": "http://r.tnpm.oa.com/file-stat/download/file-stat-0.1.3.tgz",
          "integrity": "sha1-0PGWHX0QcykoEgpuaVVHHCpbVBE=",
          "requires": {
            "graceful-fs": "4.1.11",
            "lazy-cache": "0.2.7",
            "through2": "2.0.3"
          },
          "dependencies": {
            "lazy-cache": {
              "version": "0.2.7",
              "resolved": "http://r.tnpm.oa.com/lazy-cache/download/lazy-cache-0.2.7.tgz",
              "integrity": "sha1-f+3fLctu23fRHvHRF6tf/fCrG2U="
            }
          }
        },
        "graceful-fs": {
          "version": "4.1.11",
          "resolved": "http://r.tnpm.oa.com/graceful-fs/download/graceful-fs-4.1.11.tgz",
          "integrity": "sha1-Dovf5NHduIVNZOBOp8AOKgJuVlg="
        },
        "isarray": {
          "version": "1.0.0",
          "resolved": "http://r.tnpm.oa.com/isarray/download/isarray-1.0.0.tgz",
          "integrity": "sha1-u5NdSFgsuhaMBoNJV6VKPgcSTxE="
        },
        "isobject": {
          "version": "2.1.0",
          "resolved": "http://r.tnpm.oa.com/isobject/download/isobject-2.1.0.tgz",
          "integrity": "sha1-8GVWEJaj8dou9GJy+BXIQNh+DIk=",
          "requires": {
            "isarray": "1.0.0"
          }
        },
        "vinyl": {
          "version": "1.2.0",
          "resolved": "http://r.tnpm.oa.com/vinyl/download/vinyl-1.2.0.tgz",
          "integrity": "sha1-XIgDbPVl5d8FVYv8kR+GVt8hiIQ=",
          "requires": {
            "clone": "1.0.4",
            "clone-stats": "0.0.1",
            "replace-ext": "0.0.1"
          }
        }
      }
    },
    "to-object-path": {
      "version": "0.3.0",
      "resolved": "http://r.tnpm.oa.com/to-object-path/download/to-object-path-0.3.0.tgz",
      "integrity": "sha1-KXWIt7Dn4KwI4E5nL4XB9JmeF68=",
      "requires": {
        "kind-of": "3.2.2"
      },
      "dependencies": {
        "kind-of": {
          "version": "3.2.2",
          "resolved": "http://r.tnpm.oa.com/kind-of/download/kind-of-3.2.2.tgz",
          "integrity": "sha1-MeohpzS6ubuw8yRm2JOupR5KPGQ=",
          "requires": {
            "is-buffer": "1.1.6"
          }
        }
      }
    },
    "unc-path-regex": {
      "version": "0.1.2",
      "resolved": "http://r.tnpm.oa.com/unc-path-regex/download/unc-path-regex-0.1.2.tgz",
      "integrity": "sha1-5z3T17DXxe2G+6xrCufYxqadUPo="
    },
    "util-deprecate": {
      "version": "1.0.2",
      "resolved": "http://r.tnpm.oa.com/util-deprecate/download/util-deprecate-1.0.2.tgz",
      "integrity": "sha1-RQ1Nyfpw3nMnYvvS1KKJgUGaDM8="
    },
    "vinyl": {
      "version": "2.1.0",
      "resolved": "http://r.tnpm.oa.com/vinyl/download/vinyl-2.1.0.tgz",
      "integrity": "sha1-Ah+cLPlR1rk5lDyJ617lrdT9kkw=",
      "requires": {
        "clone": "2.1.1",
        "clone-buffer": "1.0.0",
        "clone-stats": "1.0.0",
        "cloneable-readable": "1.1.2",
        "remove-trailing-separator": "1.1.0",
        "replace-ext": "1.0.0"
      },
      "dependencies": {
        "clone": {
          "version": "2.1.1",
          "resolved": "http://r.tnpm.oa.com/clone/download/clone-2.1.1.tgz",
          "integrity": "sha1-0hfR6WERjjrJpLi7oyhVU79kfNs="
        },
        "clone-stats": {
          "version": "1.0.0",
          "resolved": "http://r.tnpm.oa.com/clone-stats/download/clone-stats-1.0.0.tgz",
          "integrity": "sha1-s3gt/4u1R04Yuba/D9/ngvh3doA="
        },
        "replace-ext": {
          "version": "1.0.0",
          "resolved": "http://r.tnpm.oa.com/replace-ext/download/replace-ext-1.0.0.tgz",
          "integrity": "sha1-3mMSg3P8v3w8z6TeWkgMRaZ5WOs="
        }
      }
    },
    "which": {
      "version": "1.3.1",
      "resolved": "http://r.tnpm.oa.com/which/download/which-1.3.1.tgz",
      "integrity": "sha1-pFBD1U9YBTFtqNYvn1CRjT2nCwo=",
      "requires": {
        "isexe": "2.0.0"
      }
    },
    "wrappy": {
      "version": "1.0.2",
      "resolved": "http://r.tnpm.oa.com/wrappy/download/wrappy-1.0.2.tgz",
      "integrity": "sha1-tSQ9jz7BqjXxNkYFvA0QNuMKtp8="
    },
    "xtend": {
      "version": "4.0.1",
      "resolved": "http://r.tnpm.oa.com/xtend/download/xtend-4.0.1.tgz",
      "integrity": "sha1-pcbVMr5lbiPbgg77lDofBJmNY68="
    }
  }
}
